{
  "originHash" : "8db810839d2e05d8fa43fe72481467e8e9f47bda8dad613e17d2b9a570e27109",
  "pins" : [
    {
      "identity" : "nuke",
      "kind" : "remoteSourceControl",
      "location" : "https://github.com/kean/Nuke",
      "state" : {
        "revision" : "8ecbfc886da39bccb01c34abef5f2ff4073ad633",
        "version" : "12.4.0"
      }
    }
  ],
  "version" : 3
}
